
Microsoft Visual Studio Solution File, Format Version 12.00
# Visual Studio Version 16
VisualStudioVersion = 16.0.31112.23
MinimumVisualStudioVersion = 10.0.40219.1
Project("{FAE04EC0-301F-11D3-BF4B-00C04F79EFBC}") = "LegalCitationVSTO", "LegalCitationVSTO\LegalCitationVSTO.csproj", "{15AA4E34-774B-4552-861A-6D92FF15557C}"
EndProject
Global
	GlobalSection(SolutionConfigurationPlatforms) = preSolution
		Debug|Any CPU = Debug|Any CPU
		Release|Any CPU = Release|Any CPU
	EndGlobalSection
	GlobalSection(ProjectConfigurationPlatforms) = postSolution
		{15AA4E34-774B-4552-861A-6D92FF15557C}.Debug|Any CPU.ActiveCfg = Debug|Any CPU
		{15AA4E34-774B-4552-861A-6D92FF15557C}.Debug|Any CPU.Build.0 = Debug|Any CPU
		{15AA4E34-774B-4552-861A-6D92FF15557C}.Release|Any CPU.ActiveCfg = Release|Any CPU
		{15AA4E34-774B-4552-861A-6D92FF15557C}.Release|Any CPU.Build.0 = Release|Any CPU
	EndGlobalSection
	GlobalSection(SolutionProperties) = preSolution
		HideSolutionNode = FALSE
	EndGlobalSection
	GlobalSection(ExtensibilityGlobals) = postSolution
		SolutionGuid = {F5D50A15-2A13-4BED-AB36-B8F54FF632CD}
	EndGlobalSection
EndGlobal
